
Microsoft Visual Studio Solution File, Format Version 12.00
# Visual Studio Version 17
VisualStudioVersion = 17.11.35327.3
MinimumVisualStudioVersion = 10.0.40219.1
Project("{9A19103F-16F7-4668-BE54-9A1E7A4F7556}") = "Infrastructure.Shared.Messaging", "SharedKernel\Infrastructure.Shared.Messaging.csproj", "{FA0BC326-0DA3-4ACA-9C51-F0C6233A4343}"
EndProject
Project("{9A19103F-16F7-4668-BE54-9A1E7A4F7556}") = "Infrastructure.Messaging.Kafka", "Infrastructure.Messaging.Kafka\Infrastructure.Messaging.Kafka.csproj", "{18E85C31-B158-47CA-9025-79028FB704C5}"
EndProject
Project("{9A19103F-16F7-4668-BE54-9A1E7A4F7556}") = "MicroserviceA", "MicroserviceA\MicroserviceA.csproj", "{9C883D2D-C669-437C-975F-372E11D13A42}"
EndProject
Project("{9A19103F-16F7-4668-BE54-9A1E7A4F7556}") = "MessageHandler.History", "MessageHandler.History\MessageHandler.History.csproj", "{F2024BC4-65FB-4B5E-999E-986B2BC9FFC2}"
EndProject
Project("{FAE04EC0-301F-11D3-BF4B-00C04F79EFBC}") = "MicroserviceB", "MicroserviceB\MicroserviceB.csproj", "{A3A91D8F-1C94-4380-B8CD-7EB25656E34E}"
EndProject
Project("{FAE04EC0-301F-11D3-BF4B-00C04F79EFBC}") = "KafkaPOC.Tests", "KafkaPOC.Tests\KafkaPOC.Tests.csproj", "{F15B55B1-2875-4F2A-8CA1-53A891FEB19F}"
EndProject
Global
	GlobalSection(SolutionConfigurationPlatforms) = preSolution
		Debug|Any CPU = Debug|Any CPU
		Release|Any CPU = Release|Any CPU
	EndGlobalSection
	GlobalSection(ProjectConfigurationPlatforms) = postSolution
		{FA0BC326-0DA3-4ACA-9C51-F0C6233A4343}.Debug|Any CPU.ActiveCfg = Debug|Any CPU
		{FA0BC326-0DA3-4ACA-9C51-F0C6233A4343}.Debug|Any CPU.Build.0 = Debug|Any CPU
		{FA0BC326-0DA3-4ACA-9C51-F0C6233A4343}.Release|Any CPU.ActiveCfg = Release|Any CPU
		{FA0BC326-0DA3-4ACA-9C51-F0C6233A4343}.Release|Any CPU.Build.0 = Release|Any CPU
		{18E85C31-B158-47CA-9025-79028FB704C5}.Debug|Any CPU.ActiveCfg = Debug|Any CPU
		{18E85C31-B158-47CA-9025-79028FB704C5}.Debug|Any CPU.Build.0 = Debug|Any CPU
		{18E85C31-B158-47CA-9025-79028FB704C5}.Release|Any CPU.ActiveCfg = Release|Any CPU
		{18E85C31-B158-47CA-9025-79028FB704C5}.Release|Any CPU.Build.0 = Release|Any CPU
		{9C883D2D-C669-437C-975F-372E11D13A42}.Debug|Any CPU.ActiveCfg = Debug|Any CPU
		{9C883D2D-C669-437C-975F-372E11D13A42}.Debug|Any CPU.Build.0 = Debug|Any CPU
		{9C883D2D-C669-437C-975F-372E11D13A42}.Release|Any CPU.ActiveCfg = Release|Any CPU
		{9C883D2D-C669-437C-975F-372E11D13A42}.Release|Any CPU.Build.0 = Release|Any CPU
		{F2024BC4-65FB-4B5E-999E-986B2BC9FFC2}.Debug|Any CPU.ActiveCfg = Debug|Any CPU
		{F2024BC4-65FB-4B5E-999E-986B2BC9FFC2}.Debug|Any CPU.Build.0 = Debug|Any CPU
		{F2024BC4-65FB-4B5E-999E-986B2BC9FFC2}.Release|Any CPU.ActiveCfg = Release|Any CPU
		{F2024BC4-65FB-4B5E-999E-986B2BC9FFC2}.Release|Any CPU.Build.0 = Release|Any CPU
		{A3A91D8F-1C94-4380-B8CD-7EB25656E34E}.Debug|Any CPU.ActiveCfg = Debug|Any CPU
		{A3A91D8F-1C94-4380-B8CD-7EB25656E34E}.Debug|Any CPU.Build.0 = Debug|Any CPU
		{A3A91D8F-1C94-4380-B8CD-7EB25656E34E}.Release|Any CPU.ActiveCfg = Release|Any CPU
		{A3A91D8F-1C94-4380-B8CD-7EB25656E34E}.Release|Any CPU.Build.0 = Release|Any CPU
		{F15B55B1-2875-4F2A-8CA1-53A891FEB19F}.Debug|Any CPU.ActiveCfg = Debug|Any CPU
		{F15B55B1-2875-4F2A-8CA1-53A891FEB19F}.Debug|Any CPU.Build.0 = Debug|Any CPU
		{F15B55B1-2875-4F2A-8CA1-53A891FEB19F}.Release|Any CPU.ActiveCfg = Release|Any CPU
		{F15B55B1-2875-4F2A-8CA1-53A891FEB19F}.Release|Any CPU.Build.0 = Release|Any CPU
	EndGlobalSection
	GlobalSection(SolutionProperties) = preSolution
		HideSolutionNode = FALSE
	EndGlobalSection
	GlobalSection(ExtensibilityGlobals) = postSolution
		SolutionGuid = {959E1D30-60C1-4135-8370-769BAC6E3057}
	EndGlobalSection
EndGlobal
